// !$*UTF8*$!
{
	archiveVersion = 1;
	classes = {
	};
	objectVersion = 48;
	objects = {

/* Begin PBXBuildFile section */
		0190C8A7204C496F001AE736 /* PedigreeView.swift in Sources */ = {isa = PBXBuildFile; fileRef = 0190C8A6204C496F001AE736 /* PedigreeView.swift */; };
		824989D22060834A0057AB2B /* DiseaseViewController.swift in Sources */ = {isa = PBXBuildFile; fileRef = 824989D12060834A0057AB2B /* DiseaseViewController.swift */; };
		827C13C3204795D10051B8AF /* AppDelegate.swift in Sources */ = {isa = PBXBuildFile; fileRef = 827C13C2204795D10051B8AF /* AppDelegate.swift */; };
		827C13C5204795D10051B8AF /* ViewController.swift in Sources */ = {isa = PBXBuildFile; fileRef = 827C13C4204795D10051B8AF /* ViewController.swift */; };
		827C13C8204795D10051B8AF /* Main.storyboard in Resources */ = {isa = PBXBuildFile; fileRef = 827C13C6204795D10051B8AF /* Main.storyboard */; };
		827C13CA204795D10051B8AF /* Assets.xcassets in Resources */ = {isa = PBXBuildFile; fileRef = 827C13C9204795D10051B8AF /* Assets.xcassets */; };
		827C13CD204795D10051B8AF /* LaunchScreen.storyboard in Resources */ = {isa = PBXBuildFile; fileRef = 827C13CB204795D10051B8AF /* LaunchScreen.storyboard */; };
		827C13D5204795FB0051B8AF /* Pedigree.swift in Sources */ = {isa = PBXBuildFile; fileRef = 827C13D4204795FB0051B8AF /* Pedigree.swift */; };
		827C13D7204796340051B8AF /* Person.swift in Sources */ = {isa = PBXBuildFile; fileRef = 827C13D6204796340051B8AF /* Person.swift */; };
		827C13D9204798F20051B8AF /* IDType.swift in Sources */ = {isa = PBXBuildFile; fileRef = 827C13D8204798F20051B8AF /* IDType.swift */; };
/* End PBXBuildFile section */

/* Begin PBXFileReference section */
		0190C8A6204C496F001AE736 /* PedigreeView.swift */ = {isa = PBXFileReference; lastKnownFileType = sourcecode.swift; path = PedigreeView.swift; sourceTree = "<group>"; };
		824989D12060834A0057AB2B /* DiseaseViewController.swift */ = {isa = PBXFileReference; lastKnownFileType = sourcecode.swift; path = DiseaseViewController.swift; sourceTree = "<group>"; };
		827C13BF204795D10051B8AF /* pedigree.app */ = {isa = PBXFileReference; explicitFileType = wrapper.application; includeInIndex = 0; path = pedigree.app; sourceTree = BUILT_PRODUCTS_DIR; };
		827C13C2204795D10051B8AF /* AppDelegate.swift */ = {isa = PBXFileReference; lastKnownFileType = sourcecode.swift; path = AppDelegate.swift; sourceTree = "<group>"; };
		827C13C4204795D10051B8AF /* ViewController.swift */ = {isa = PBXFileReference; lastKnownFileType = sourcecode.swift; path = ViewController.swift; sourceTree = "<group>"; };
		827C13C7204795D10051B8AF /* Base */ = {isa = PBXFileReference; lastKnownFileType = file.storyboard; name = Base; path = Base.lproj/Main.storyboard; sourceTree = "<group>"; };
		827C13C9204795D10051B8AF /* Assets.xcassets */ = {isa = PBXFileReference; lastKnownFileType = folder.assetcatalog; path = Assets.xcassets; sourceTree = "<group>"; };
		827C13CC204795D10051B8AF /* Base */ = {isa = PBXFileReference; lastKnownFileType = file.storyboard; name = Base; path = Base.lproj/LaunchScreen.storyboard; sourceTree = "<group>"; };
		827C13CE204795D10051B8AF /* Info.plist */ = {isa = PBXFileReference; lastKnownFileType = text.plist.xml; path = Info.plist; sourceTree = "<group>"; };
		827C13D4204795FB0051B8AF /* Pedigree.swift */ = {isa = PBXFileReference; lastKnownFileType = sourcecode.swift; path = Pedigree.swift; sourceTree = "<group>"; };
		827C13D6204796340051B8AF /* Person.swift */ = {isa = PBXFileReference; lastKnownFileType = sourcecode.swift; path = Person.swift; sourceTree = "<group>"; };
		827C13D8204798F20051B8AF /* IDType.swift */ = {isa = PBXFileReference; lastKnownFileType = sourcecode.swift; path = IDType.swift; sourceTree = "<group>"; };
/* End PBXFileReference section */

/* Begin PBXFrameworksBuildPhase section */
		827C13BC204795D00051B8AF /* Frameworks */ = {
			isa = PBXFrameworksBuildPhase;
			buildActionMask = 2147483647;
			files = (
			);
			runOnlyForDeploymentPostprocessing = 0;
		};
/* End PBXFrameworksBuildPhase section */

/* Begin PBXGroup section */
		827C13B6204795D00051B8AF = {
			isa = PBXGroup;
			children = (
				827C13C1204795D10051B8AF /* pedigree */,
				827C13C0204795D10051B8AF /* Products */,
			);
			sourceTree = "<group>";
		};
		827C13C0204795D10051B8AF /* Products */ = {
			isa = PBXGroup;
			children = (
				827C13BF204795D10051B8AF /* pedigree.app */,
			);
			name = Products;
			sourceTree = "<group>";
		};
		827C13C1204795D10051B8AF /* pedigree */ = {
			isa = PBXGroup;
			children = (
				827C13D4204795FB0051B8AF /* Pedigree.swift */,
				827C13D8204798F20051B8AF /* IDType.swift */,
				827C13D6204796340051B8AF /* Person.swift */,
				827C13C2204795D10051B8AF /* AppDelegate.swift */,
				827C13C4204795D10051B8AF /* ViewController.swift */,
				824989D12060834A0057AB2B /* DiseaseViewController.swift */,
				0190C8A6204C496F001AE736 /* PedigreeView.swift */,
				827C13C6204795D10051B8AF /* Main.storyboard */,
				827C13C9204795D10051B8AF /* Assets.xcassets */,
				827C13CB204795D10051B8AF /* LaunchScreen.storyboard */,
				827C13CE204795D10051B8AF /* Info.plist */,
			);
			path = pedigree;
			sourceTree = "<group>";
		};
/* End PBXGroup section */

/* Begin PBXNativeTarget section */
		827C13BE204795D00051B8AF /* pedigree */ = {
			isa = PBXNativeTarget;
			buildConfigurationList = 827C13D1204795D10051B8AF /* Build configuration list for PBXNativeTarget "pedigree" */;
			buildPhases = (
				827C13BB204795D00051B8AF /* Sources */,
				827C13BC204795D00051B8AF /* Frameworks */,
				827C13BD204795D00051B8AF /* Resources */,
			);
			buildRules = (
			);
			dependencies = (
			);
			name = pedigree;
			productName = pedigree;
			productReference = 827C13BF204795D10051B8AF /* pedigree.app */;
			productType = "com.apple.product-type.application";
		};
/* End PBXNativeTarget section */

/* Begin PBXProject section */
		827C13B7204795D00051B8AF /* Project object */ = {
			isa = PBXProject;
			attributes = {
				LastSwiftUpdateCheck = 0920;
				LastUpgradeCheck = 0920;
				ORGANIZATIONNAME = "Austin Toot";
				TargetAttributes = {
					827C13BE204795D00051B8AF = {
						CreatedOnToolsVersion = 9.2;
						ProvisioningStyle = Automatic;
					};
				};
			};
			buildConfigurationList = 827C13BA204795D00051B8AF /* Build configuration list for PBXProject "pedigree" */;
			compatibilityVersion = "Xcode 8.0";
			developmentRegion = en;
			hasScannedForEncodings = 0;
			knownRegions = (
				en,
				Base,
			);
			mainGroup = 827C13B6204795D00051B8AF;
			productRefGroup = 827C13C0204795D10051B8AF /* Products */;
			projectDirPath = "";
			projectRoot = "";
			targets = (
				827C13BE204795D00051B8AF /* pedigree */,
			);
		};
/* End PBXProject section */

/* Begin PBXResourcesBuildPhase section */
		827C13BD204795D00051B8AF /* Resources */ = {
			isa = PBXResourcesBuildPhase;
			buildActionMask = 2147483647;
			files = (
				827C13CD204795D10051B8AF /* LaunchScreen.storyboard in Resources */,
				827C13CA204795D10051B8AF /* Assets.xcassets in Resources */,
				827C13C8204795D10051B8AF /* Main.storyboard in Resources */,
			);
			runOnlyForDeploymentPostprocessing = 0;
		};
/* End PBXResourcesBuildPhase section */

/* Begin PBXSourcesBuildPhase section */
		827C13BB204795D00051B8AF /* Sources */ = {
			isa = PBXSourcesBuildPhase;
			buildActionMask = 2147483647;
			files = (
				827C13D5204795FB0051B8AF /* Pedigree.swift in Sources */,
				0190C8A7204C496F001AE736 /* PedigreeView.swift in Sources */,
				827C13D9204798F20051B8AF /* IDType.swift in Sources */,
				824989D22060834A0057AB2B /* DiseaseViewController.swift in Sources */,
				827C13C5204795D10051B8AF /* ViewController.swift in Sources */,
				827C13D7204796340051B8AF /* Person.swift in Sources */,
				827C13C3204795D10051B8AF /* AppDelegate.swift in Sources */,
			);
			runOnlyForDeploymentPostprocessing = 0;
		};
/* End PBXSourcesBuildPhase section */

/* Begin PBXVariantGroup section */
		827C13C6204795D10051B8AF /* Main.storyboard */ = {
			isa = PBXVariantGroup;
			children = (
				827C13C7204795D10051B8AF /* Base */,
			);
			name = Main.storyboard;
			sourceTree = "<group>";
		};
		827C13CB204795D10051B8AF /* LaunchScreen.storyboard */ = {
			isa = PBXVariantGroup;
			children = (
				827C13CC204795D10051B8AF /* Base */,
			);
			name = LaunchScreen.storyboard;
			sourceTree = "<group>";
		};
/* End PBXVariantGroup section */

/* Begin XCBuildConfiguration section */
		827C13CF204795D10051B8AF /* Debug */ = {
			isa = XCBuildConfiguration;
			buildSettings = {
				ALWAYS_SEARCH_USER_PATHS = NO;
				CLANG_ANALYZER_NONNULL = YES;
				CLANG_ANALYZER_NUMBER_OBJECT_CONVERSION = YES_AGGRESSIVE;
				CLANG_CXX_LANGUAGE_STANDARD = "gnu++14";
				CLANG_CXX_LIBRARY = "libc++";
				CLANG_ENABLE_MODULES = YES;
				CLANG_ENABLE_OBJC_ARC = YES;
				CLANG_WARN_BLOCK_CAPTURE_AUTORELEASING = YES;
				CLANG_WARN_BOOL_CONVERSION = YES;
				CLANG_WARN_COMMA = YES;
				CLANG_WARN_CONSTANT_CONVERSION = YES;
				CLANG_WARN_DIRECT_OBJC_ISA_USAGE = YES_ERROR;
				CLANG_WARN_DOCUMENTATION_COMMENTS = YES;
				CLANG_WARN_EMPTY_BODY = YES;
				CLANG_WARN_ENUM_CONVERSION = YES;
				CLANG_WARN_INFINITE_RECURSION = YES;
				CLANG_WARN_INT_CONVERSION = YES;
				CLANG_WARN_NON_LITERAL_NULL_CONVERSION = YES;
				CLANG_WARN_OBJC_LITERAL_CONVERSION = YES;
				CLANG_WARN_OBJC_ROOT_CLASS = YES_ERROR;
				CLANG_WARN_RANGE_LOOP_ANALYSIS = YES;
				CLANG_WARN_STRICT_PROTOTYPES = YES;
				CLANG_WARN_SUSPICIOUS_MOVE = YES;
				CLANG_WARN_UNGUARDED_AVAILABILITY = YES_AGGRESSIVE;
				CLANG_WARN_UNREACHABLE_CODE = YES;
				CLANG_WARN__DUPLICATE_METHOD_MATCH = YES;
				CODE_SIGN_IDENTITY = "iPhone Developer";
				COPY_PHASE_STRIP = NO;
				DEBUG_INFORMATION_FORMAT = dwarf;
				ENABLE_STRICT_OBJC_MSGSEND = YES;
				ENABLE_TESTABILITY = YES;
				GCC_C_LANGUAGE_STANDARD = gnu11;
				GCC_DYNAMIC_NO_PIC = NO;
				GCC_NO_COMMON_BLOCKS = YES;
				GCC_OPTIMIZATION_LEVEL = 0;
				GCC_PREPROCESSOR_DEFINITIONS = (
					"DEBUG=1",
					"$(inherited)",
				);
				GCC_WARN_64_TO_32_BIT_CONVERSION = YES;
				GCC_WARN_ABOUT_RETURN_TYPE = YES_ERROR;
				GCC_WARN_UNDECLARED_SELECTOR = YES;
				GCC_WARN_UNINITIALIZED_AUTOS = YES_AGGRESSIVE;
				GCC_WARN_UNUSED_FUNCTION = YES;
				GCC_WARN_UNUSED_VARIABLE = YES;
				IPHONEOS_DEPLOYMENT_TARGET = 11.2;
				MTL_ENABLE_DEBUG_INFO = YES;
				ONLY_ACTIVE_ARCH = YES;
				SDKROOT = iphoneos;
				SWIFT_ACTIVE_COMPILATION_CONDITIONS = DEBUG;
				SWIFT_OPTIMIZATION_LEVEL = "-Onone";
			};
			name = Debug;
		};
		827C13D0204795D10051B8AF /* Release */ = {
			isa = XCBuildConfiguration;
			buildSettings = {
				ALWAYS_SEARCH_USER_PATHS = NO;
				CLANG_ANALYZER_NONNULL = YES;
				CLANG_ANALYZER_NUMBER_OBJECT_CONVERSION = YES_AGGRESSIVE;
				CLANG_CXX_LANGUAGE_STANDARD = "gnu++14";
				CLANG_CXX_LIBRARY = "libc++";
				CLANG_ENABLE_MODULES = YES;
				CLANG_ENABLE_OBJC_ARC = YES;
				CLANG_WARN_BLOCK_CAPTURE_AUTORELEASING = YES;
				CLANG_WARN_BOOL_CONVERSION = YES;
				CLANG_WARN_COMMA = YES;
				CLANG_WARN_CONSTANT_CONVERSION = YES;
				CLANG_WARN_DIRECT_OBJC_ISA_USAGE = YES_ERROR;
				CLANG_WARN_DOCUMENTATION_COMMENTS = YES;
				CLANG_WARN_EMPTY_BODY = YES;
				CLANG_WARN_ENUM_CONVERSION = YES;
				CLANG_WARN_INFINITE_RECURSION = YES;
				CLANG_WARN_INT_CONVERSION = YES;
				CLANG_WARN_NON_LITERAL_NULL_CONVERSION = YES;
				CLANG_WARN_OBJC_LITERAL_CONVERSION = YES;
				CLANG_WARN_OBJC_ROOT_CLASS = YES_ERROR;
				CLANG_WARN_RANGE_LOOP_ANALYSIS = YES;
				CLANG_WARN_STRICT_PROTOTYPES = YES;
				CLANG_WARN_SUSPICIOUS_MOVE = YES;
				CLANG_WARN_UNGUARDED_AVAILABILITY = YES_AGGRESSIVE;
				CLANG_WARN_UNREACHABLE_CODE = YES;
				CLANG_WARN__DUPLICATE_METHOD_MATCH = YES;
				CODE_SIGN_IDENTITY = "iPhone Developer";
				COPY_PHASE_STRIP = NO;
				DEBUG_INFORMATION_FORMAT = "dwarf-with-dsym";
				ENABLE_NS_ASSERTIONS = NO;
				ENABLE_STRICT_OBJC_MSGSEND = YES;
				GCC_C_LANGUAGE_STANDARD = gnu11;
				GCC_NO_COMMON_BLOCKS = YES;
				GCC_WARN_64_TO_32_BIT_CONVERSION = YES;
				GCC_WARN_ABOUT_RETURN_TYPE = YES_ERROR;
				GCC_WARN_UNDECLARED_SELECTOR = YES;
				GCC_WARN_UNINITIALIZED_AUTOS = YES_AGGRESSIVE;
				GCC_WARN_UNUSED_FUNCTION = YES;
				GCC_WARN_UNUSED_VARIABLE = YES;
				IPHONEOS_DEPLOYMENT_TARGET = 11.2;
				MTL_ENABLE_DEBUG_INFO = NO;
				SDKROOT = iphoneos;
				SWIFT_OPTIMIZATION_LEVEL = "-Owholemodule";
				VALIDATE_PRODUCT = YES;
			};
			name = Release;
		};
		827C13D2204795D10051B8AF /* Debug */ = {
			isa = XCBuildConfiguration;
			buildSettings = {
				ASSETCATALOG_COMPILER_APPICON_NAME = AppIcon;
				CODE_SIGN_STYLE = Automatic;
				INFOPLIST_FILE = pedigree/Info.plist;
				LD_RUNPATH_SEARCH_PATHS = "$(inherited) @executable_path/Frameworks";
				PRODUCT_BUNDLE_IDENTIFIER = com.example.pedigree;
				PRODUCT_NAME = "$(TARGET_NAME)";
				SWIFT_VERSION = 4.0;
				TARGETED_DEVICE_FAMILY = "1,2";
			};
			name = Debug;
		};
		827C13D3204795D10051B8AF /* Release */ = {
			isa = XCBuildConfiguration;
			buildSettings = {
				ASSETCATALOG_COMPILER_APPICON_NAME = AppIcon;
				CODE_SIGN_STYLE = Automatic;
				INFOPLIST_FILE = pedigree/Info.plist;
				LD_RUNPATH_SEARCH_PATHS = "$(inherited) @executable_path/Frameworks";
				PRODUCT_BUNDLE_IDENTIFIER = com.example.pedigree;
				PRODUCT_NAME = "$(TARGET_NAME)";
				SWIFT_VERSION = 4.0;
				TARGETED_DEVICE_FAMILY = "1,2";
			};
			name = Release;
		};
/* End XCBuildConfiguration section */

/* Begin XCConfigurationList section */
		827C13BA204795D00051B8AF /* Build configuration list for PBXProject "pedigree" */ = {
			isa = XCConfigurationList;
			buildConfigurations = (
				827C13CF204795D10051B8AF /* Debug */,
				827C13D0204795D10051B8AF /* Release */,
			);
			defaultConfigurationIsVisible = 0;
			defaultConfigurationName = Release;
		};
		827C13D1204795D10051B8AF /* Build configuration list for PBXNativeTarget "pedigree" */ = {
			isa = XCConfigurationList;
			buildConfigurations = (
				827C13D2204795D10051B8AF /* Debug */,
				827C13D3204795D10051B8AF /* Release */,
			);
			defaultConfigurationIsVisible = 0;
			defaultConfigurationName = Release;
		};
/* End XCConfigurationList section */
	};
	rootObject = 827C13B7204795D00051B8AF /* Project object */;
}
